
Microsoft Visual Studio Solution File, Format Version 12.00
# Visual Studio 2012
Project("{FAE04EC0-301F-11D3-BF4B-00C04F79EFBC}") = "SmartStock", "SmartStock.csproj", "{BA92B833-A520-4F64-A4A8-8FFADC0DF9FD}"
EndProject
Project("{2150E333-8FDC-42A3-9474-1A3956D46DE8}") = "UnitTest", "UnitTest", "{7F2717F3-659C-4B13-9B30-7C249C5C2B05}"
EndProject
Project("{FAE04EC0-301F-11D3-BF4B-00C04F79EFBC}") = "Domain", "Domain\Domain.csproj", "{C97B7304-947C-4769-AA3F-9E8DD3E18DB4}"
EndProject
Project("{FAE04EC0-301F-11D3-BF4B-00C04F79EFBC}") = "Domain.Test", "Domain.Test\Domain.Test.csproj", "{F18F9BBF-348A-4113-9575-4B28BCEF5C2C}"
EndProject
Project("{FAE04EC0-301F-11D3-BF4B-00C04F79EFBC}") = "Domain.Repository", "Domain.Repository\Domain.Repository.csproj", "{8E24CDF3-F7FD-47A2-9CBD-1181C574E43A}"
EndProject
Project("{FAE04EC0-301F-11D3-BF4B-00C04F79EFBC}") = "Application", "Application\Application.csproj", "{9237A015-5B2E-4163-ACCD-A7D5A4582BD3}"
EndProject
Project("{FAE04EC0-301F-11D3-BF4B-00C04F79EFBC}") = "Application.Test", "Application.Test\Application.Test.csproj", "{BFBE0D1F-5B89-41B8-A585-E088B6EAA008}"
EndProject
Project("{FAE04EC0-301F-11D3-BF4B-00C04F79EFBC}") = "Domain.Repository.Test", "Domain.Repository.Test\Domain.Repository.Test.csproj", "{503141C6-A51B-434E-909F-DA537116CD93}"
EndProject
Global
	GlobalSection(SolutionConfigurationPlatforms) = preSolution
		Debug|Any CPU = Debug|Any CPU
		Release|Any CPU = Release|Any CPU
	EndGlobalSection
	GlobalSection(ProjectConfigurationPlatforms) = postSolution
		{BA92B833-A520-4F64-A4A8-8FFADC0DF9FD}.Debug|Any CPU.ActiveCfg = Debug|Any CPU
		{BA92B833-A520-4F64-A4A8-8FFADC0DF9FD}.Debug|Any CPU.Build.0 = Debug|Any CPU
		{BA92B833-A520-4F64-A4A8-8FFADC0DF9FD}.Release|Any CPU.ActiveCfg = Release|Any CPU
		{BA92B833-A520-4F64-A4A8-8FFADC0DF9FD}.Release|Any CPU.Build.0 = Release|Any CPU
		{C97B7304-947C-4769-AA3F-9E8DD3E18DB4}.Debug|Any CPU.ActiveCfg = Debug|Any CPU
		{C97B7304-947C-4769-AA3F-9E8DD3E18DB4}.Debug|Any CPU.Build.0 = Debug|Any CPU
		{C97B7304-947C-4769-AA3F-9E8DD3E18DB4}.Release|Any CPU.ActiveCfg = Release|Any CPU
		{C97B7304-947C-4769-AA3F-9E8DD3E18DB4}.Release|Any CPU.Build.0 = Release|Any CPU
		{F18F9BBF-348A-4113-9575-4B28BCEF5C2C}.Debug|Any CPU.ActiveCfg = Debug|Any CPU
		{F18F9BBF-348A-4113-9575-4B28BCEF5C2C}.Debug|Any CPU.Build.0 = Debug|Any CPU
		{F18F9BBF-348A-4113-9575-4B28BCEF5C2C}.Release|Any CPU.ActiveCfg = Release|Any CPU
		{F18F9BBF-348A-4113-9575-4B28BCEF5C2C}.Release|Any CPU.Build.0 = Release|Any CPU
		{8E24CDF3-F7FD-47A2-9CBD-1181C574E43A}.Debug|Any CPU.ActiveCfg = Debug|Any CPU
		{8E24CDF3-F7FD-47A2-9CBD-1181C574E43A}.Debug|Any CPU.Build.0 = Debug|Any CPU
		{8E24CDF3-F7FD-47A2-9CBD-1181C574E43A}.Release|Any CPU.ActiveCfg = Release|Any CPU
		{8E24CDF3-F7FD-47A2-9CBD-1181C574E43A}.Release|Any CPU.Build.0 = Release|Any CPU
		{9237A015-5B2E-4163-ACCD-A7D5A4582BD3}.Debug|Any CPU.ActiveCfg = Debug|Any CPU
		{9237A015-5B2E-4163-ACCD-A7D5A4582BD3}.Debug|Any CPU.Build.0 = Debug|Any CPU
		{9237A015-5B2E-4163-ACCD-A7D5A4582BD3}.Release|Any CPU.ActiveCfg = Release|Any CPU
		{9237A015-5B2E-4163-ACCD-A7D5A4582BD3}.Release|Any CPU.Build.0 = Release|Any CPU
		{BFBE0D1F-5B89-41B8-A585-E088B6EAA008}.Debug|Any CPU.ActiveCfg = Debug|Any CPU
		{BFBE0D1F-5B89-41B8-A585-E088B6EAA008}.Debug|Any CPU.Build.0 = Debug|Any CPU
		{BFBE0D1F-5B89-41B8-A585-E088B6EAA008}.Release|Any CPU.ActiveCfg = Release|Any CPU
		{BFBE0D1F-5B89-41B8-A585-E088B6EAA008}.Release|Any CPU.Build.0 = Release|Any CPU
		{503141C6-A51B-434E-909F-DA537116CD93}.Debug|Any CPU.ActiveCfg = Debug|Any CPU
		{503141C6-A51B-434E-909F-DA537116CD93}.Debug|Any CPU.Build.0 = Debug|Any CPU
		{503141C6-A51B-434E-909F-DA537116CD93}.Release|Any CPU.ActiveCfg = Release|Any CPU
		{503141C6-A51B-434E-909F-DA537116CD93}.Release|Any CPU.Build.0 = Release|Any CPU
	EndGlobalSection
	GlobalSection(SolutionProperties) = preSolution
		HideSolutionNode = FALSE
	EndGlobalSection
	GlobalSection(NestedProjects) = preSolution
		{F18F9BBF-348A-4113-9575-4B28BCEF5C2C} = {7F2717F3-659C-4B13-9B30-7C249C5C2B05}
		{BFBE0D1F-5B89-41B8-A585-E088B6EAA008} = {7F2717F3-659C-4B13-9B30-7C249C5C2B05}
		{503141C6-A51B-434E-909F-DA537116CD93} = {7F2717F3-659C-4B13-9B30-7C249C5C2B05}
	EndGlobalSection
EndGlobal
